
Microsoft Visual Studio Solution File, Format Version 12.00
# Visual Studio Version 17
VisualStudioVersion = 17.0.32112.339
MinimumVisualStudioVersion = 10.0.40219.1
Project("{8BC9CEB8-8B4A-11D0-8D11-00A0C91BC942}") = "Pep8SimulatorSemesterProject", "Pep8SimulatorSemesterProject\Pep8SimulatorSemesterProject.vcxproj", "{CD583A4C-ADED-4B19-B3F7-85032BB7AEBC}"
EndProject
Global
	GlobalSection(SolutionConfigurationPlatforms) = preSolution
		Debug|x64 = Debug|x64
		Debug|x86 = Debug|x86
		Release|x64 = Release|x64
		Release|x86 = Release|x86
	EndGlobalSection
	GlobalSection(ProjectConfigurationPlatforms) = postSolution
		{CD583A4C-ADED-4B19-B3F7-85032BB7AEBC}.Debug|x64.ActiveCfg = Debug|x64
		{CD583A4C-ADED-4B19-B3F7-85032BB7AEBC}.Debug|x64.Build.0 = Debug|x64
		{CD583A4C-ADED-4B19-B3F7-85032BB7AEBC}.Debug|x86.ActiveCfg = Debug|Win32
		{CD583A4C-ADED-4B19-B3F7-85032BB7AEBC}.Debug|x86.Build.0 = Debug|Win32
		{CD583A4C-ADED-4B19-B3F7-85032BB7AEBC}.Release|x64.ActiveCfg = Release|x64
		{CD583A4C-ADED-4B19-B3F7-85032BB7AEBC}.Release|x64.Build.0 = Release|x64
		{CD583A4C-ADED-4B19-B3F7-85032BB7AEBC}.Release|x86.ActiveCfg = Release|Win32
		{CD583A4C-ADED-4B19-B3F7-85032BB7AEBC}.Release|x86.Build.0 = Release|Win32
	EndGlobalSection
	GlobalSection(SolutionProperties) = preSolution
		HideSolutionNode = FALSE
	EndGlobalSection
	GlobalSection(ExtensibilityGlobals) = postSolution
		SolutionGuid = {3D774781-B39C-4863-BB10-003B01F00A1B}
	EndGlobalSection
EndGlobal
